
Microsoft Visual Studio Solution File, Format Version 12.00
# Visual Studio Version 17
VisualStudioVersion = 17.4.33213.308
MinimumVisualStudioVersion = 10.0.40219.1
Project("{2150E333-8FDC-42A3-9474-1A3956D46DE8}") = "Services", "Services", "{0632E261-B431-498F-BC8E-6CDC22E2C861}"
EndProject
Project("{2150E333-8FDC-42A3-9474-1A3956D46DE8}") = "Catalog", "Catalog", "{1E07C7BD-0CE6-436F-B182-19403BB2748A}"
EndProject
Project("{9A19103F-16F7-4668-BE54-9A1E7A4F7556}") = "Catalog.API", "Services\Catalog\Catalog.API\Catalog.API.csproj", "{33420A79-471C-4CC8-8F58-11FBA252A712}"
EndProject
Project("{E53339B2-1760-4266-BCC7-CA923CBCF16C}") = "docker-compose", "docker-compose.dcproj", "{67CEED7C-B8FC-4FDE-84F0-1BCB7ADC27A1}"
EndProject
Project("{2150E333-8FDC-42A3-9474-1A3956D46DE8}") = "Basket", "Basket", "{86848973-BEA3-4976-87D3-5906C51CA72B}"
EndProject
Project("{9A19103F-16F7-4668-BE54-9A1E7A4F7556}") = "Basket.API", "Services\Basket\Basket.API\Basket.API.csproj", "{7513A71D-8F83-4F21-ABBB-2A882FE4A503}"
EndProject
Project("{2150E333-8FDC-42A3-9474-1A3956D46DE8}") = "Discount", "Discount", "{E9F3A39D-114C-496C-AE5C-24C14DCBCBF3}"
EndProject
Project("{9A19103F-16F7-4668-BE54-9A1E7A4F7556}") = "Discount.API", "Services\Discount\Discount.API\Discount.API.csproj", "{6D0B4FB6-D8E5-4392-8F99-D30BB5D8A75E}"
EndProject
Project("{9A19103F-16F7-4668-BE54-9A1E7A4F7556}") = "Discount.Grpc", "Services\Discount\Discount.Grpc\Discount.Grpc.csproj", "{1A7D264E-40F2-49E0-B211-D822A093DD0F}"
EndProject
Project("{2150E333-8FDC-42A3-9474-1A3956D46DE8}") = "Ordering", "Ordering", "{0FB607D4-587E-446C-80C4-FE285E4A6612}"
EndProject
Project("{FAE04EC0-301F-11D3-BF4B-00C04F79EFBC}") = "Ordering.API", "Services\Ordering\Ordering.API\Ordering.API.csproj", "{85DD86F5-6BA9-4DD2-9F57-81EF7849646E}"
EndProject
Project("{FAE04EC0-301F-11D3-BF4B-00C04F79EFBC}") = "Ordering.Domain", "Services\Ordering\Ordering.Domain\Ordering.Domain.csproj", "{AD145284-D3E5-4964-9610-53AB9C0F50A7}"
EndProject
Project("{FAE04EC0-301F-11D3-BF4B-00C04F79EFBC}") = "Ordering.Application", "Services\Ordering\Ordering.Application\Ordering.Application.csproj", "{20E9D2E4-7D1A-43D9-8548-4AFEE1DF8169}"
EndProject
Project("{FAE04EC0-301F-11D3-BF4B-00C04F79EFBC}") = "Ordering.Infrastructure", "Services\Ordering\Ordering.Infrastructure\Ordering.Infrastructure.csproj", "{C18D80F8-2369-48B6-BC9E-ED7BAF54DA5D}"
EndProject
Global
	GlobalSection(SolutionConfigurationPlatforms) = preSolution
		Debug|Any CPU = Debug|Any CPU
		Release|Any CPU = Release|Any CPU
	EndGlobalSection
	GlobalSection(ProjectConfigurationPlatforms) = postSolution
		{33420A79-471C-4CC8-8F58-11FBA252A712}.Debug|Any CPU.ActiveCfg = Debug|Any CPU
		{33420A79-471C-4CC8-8F58-11FBA252A712}.Debug|Any CPU.Build.0 = Debug|Any CPU
		{33420A79-471C-4CC8-8F58-11FBA252A712}.Release|Any CPU.ActiveCfg = Release|Any CPU
		{33420A79-471C-4CC8-8F58-11FBA252A712}.Release|Any CPU.Build.0 = Release|Any CPU
		{67CEED7C-B8FC-4FDE-84F0-1BCB7ADC27A1}.Debug|Any CPU.ActiveCfg = Debug|Any CPU
		{67CEED7C-B8FC-4FDE-84F0-1BCB7ADC27A1}.Debug|Any CPU.Build.0 = Debug|Any CPU
		{67CEED7C-B8FC-4FDE-84F0-1BCB7ADC27A1}.Release|Any CPU.ActiveCfg = Release|Any CPU
		{67CEED7C-B8FC-4FDE-84F0-1BCB7ADC27A1}.Release|Any CPU.Build.0 = Release|Any CPU
		{7513A71D-8F83-4F21-ABBB-2A882FE4A503}.Debug|Any CPU.ActiveCfg = Debug|Any CPU
		{7513A71D-8F83-4F21-ABBB-2A882FE4A503}.Debug|Any CPU.Build.0 = Debug|Any CPU
		{7513A71D-8F83-4F21-ABBB-2A882FE4A503}.Release|Any CPU.ActiveCfg = Release|Any CPU
		{7513A71D-8F83-4F21-ABBB-2A882FE4A503}.Release|Any CPU.Build.0 = Release|Any CPU
		{6D0B4FB6-D8E5-4392-8F99-D30BB5D8A75E}.Debug|Any CPU.ActiveCfg = Debug|Any CPU
		{6D0B4FB6-D8E5-4392-8F99-D30BB5D8A75E}.Debug|Any CPU.Build.0 = Debug|Any CPU
		{6D0B4FB6-D8E5-4392-8F99-D30BB5D8A75E}.Release|Any CPU.ActiveCfg = Release|Any CPU
		{6D0B4FB6-D8E5-4392-8F99-D30BB5D8A75E}.Release|Any CPU.Build.0 = Release|Any CPU
		{1A7D264E-40F2-49E0-B211-D822A093DD0F}.Debug|Any CPU.ActiveCfg = Debug|Any CPU
		{1A7D264E-40F2-49E0-B211-D822A093DD0F}.Debug|Any CPU.Build.0 = Debug|Any CPU
		{1A7D264E-40F2-49E0-B211-D822A093DD0F}.Release|Any CPU.ActiveCfg = Release|Any CPU
		{1A7D264E-40F2-49E0-B211-D822A093DD0F}.Release|Any CPU.Build.0 = Release|Any CPU
		{85DD86F5-6BA9-4DD2-9F57-81EF7849646E}.Debug|Any CPU.ActiveCfg = Debug|Any CPU
		{85DD86F5-6BA9-4DD2-9F57-81EF7849646E}.Debug|Any CPU.Build.0 = Debug|Any CPU
		{85DD86F5-6BA9-4DD2-9F57-81EF7849646E}.Release|Any CPU.ActiveCfg = Release|Any CPU
		{85DD86F5-6BA9-4DD2-9F57-81EF7849646E}.Release|Any CPU.Build.0 = Release|Any CPU
		{AD145284-D3E5-4964-9610-53AB9C0F50A7}.Debug|Any CPU.ActiveCfg = Debug|Any CPU
		{AD145284-D3E5-4964-9610-53AB9C0F50A7}.Debug|Any CPU.Build.0 = Debug|Any CPU
		{AD145284-D3E5-4964-9610-53AB9C0F50A7}.Release|Any CPU.ActiveCfg = Release|Any CPU
		{AD145284-D3E5-4964-9610-53AB9C0F50A7}.Release|Any CPU.Build.0 = Release|Any CPU
		{20E9D2E4-7D1A-43D9-8548-4AFEE1DF8169}.Debug|Any CPU.ActiveCfg = Debug|Any CPU
		{20E9D2E4-7D1A-43D9-8548-4AFEE1DF8169}.Debug|Any CPU.Build.0 = Debug|Any CPU
		{20E9D2E4-7D1A-43D9-8548-4AFEE1DF8169}.Release|Any CPU.ActiveCfg = Release|Any CPU
		{20E9D2E4-7D1A-43D9-8548-4AFEE1DF8169}.Release|Any CPU.Build.0 = Release|Any CPU
		{C18D80F8-2369-48B6-BC9E-ED7BAF54DA5D}.Debug|Any CPU.ActiveCfg = Debug|Any CPU
		{C18D80F8-2369-48B6-BC9E-ED7BAF54DA5D}.Debug|Any CPU.Build.0 = Debug|Any CPU
		{C18D80F8-2369-48B6-BC9E-ED7BAF54DA5D}.Release|Any CPU.ActiveCfg = Release|Any CPU
		{C18D80F8-2369-48B6-BC9E-ED7BAF54DA5D}.Release|Any CPU.Build.0 = Release|Any CPU
	EndGlobalSection
	GlobalSection(SolutionProperties) = preSolution
		HideSolutionNode = FALSE
	EndGlobalSection
	GlobalSection(NestedProjects) = preSolution
		{1E07C7BD-0CE6-436F-B182-19403BB2748A} = {0632E261-B431-498F-BC8E-6CDC22E2C861}
		{33420A79-471C-4CC8-8F58-11FBA252A712} = {1E07C7BD-0CE6-436F-B182-19403BB2748A}
		{86848973-BEA3-4976-87D3-5906C51CA72B} = {0632E261-B431-498F-BC8E-6CDC22E2C861}
		{7513A71D-8F83-4F21-ABBB-2A882FE4A503} = {86848973-BEA3-4976-87D3-5906C51CA72B}
		{E9F3A39D-114C-496C-AE5C-24C14DCBCBF3} = {0632E261-B431-498F-BC8E-6CDC22E2C861}
		{6D0B4FB6-D8E5-4392-8F99-D30BB5D8A75E} = {E9F3A39D-114C-496C-AE5C-24C14DCBCBF3}
		{1A7D264E-40F2-49E0-B211-D822A093DD0F} = {E9F3A39D-114C-496C-AE5C-24C14DCBCBF3}
		{0FB607D4-587E-446C-80C4-FE285E4A6612} = {0632E261-B431-498F-BC8E-6CDC22E2C861}
		{85DD86F5-6BA9-4DD2-9F57-81EF7849646E} = {0FB607D4-587E-446C-80C4-FE285E4A6612}
		{AD145284-D3E5-4964-9610-53AB9C0F50A7} = {0FB607D4-587E-446C-80C4-FE285E4A6612}
		{20E9D2E4-7D1A-43D9-8548-4AFEE1DF8169} = {0FB607D4-587E-446C-80C4-FE285E4A6612}
		{C18D80F8-2369-48B6-BC9E-ED7BAF54DA5D} = {0FB607D4-587E-446C-80C4-FE285E4A6612}
	EndGlobalSection
	GlobalSection(ExtensibilityGlobals) = postSolution
		SolutionGuid = {6DA715D9-DFAE-4E1E-B509-940C0363B19E}
	EndGlobalSection
EndGlobal
